
Microsoft Visual Studio Solution File, Format Version 12.00
# Visual Studio Version 16
VisualStudioVersion = 16.0.30804.86
MinimumVisualStudioVersion = 10.0.40219.1
Project("{FAE04EC0-301F-11D3-BF4B-00C04F79EFBC}") = "Csv_Creator", "Csv_Creator.csproj", "{8F4177CE-1CCE-44E6-9C19-27CE92D1CCDE}"
EndProject
Global
	GlobalSection(SolutionConfigurationPlatforms) = preSolution
		Debug|Any CPU = Debug|Any CPU
		Release|Any CPU = Release|Any CPU
	EndGlobalSection
	GlobalSection(ProjectConfigurationPlatforms) = postSolution
		{8F4177CE-1CCE-44E6-9C19-27CE92D1CCDE}.Debug|Any CPU.ActiveCfg = Debug|Any CPU
		{8F4177CE-1CCE-44E6-9C19-27CE92D1CCDE}.Debug|Any CPU.Build.0 = Debug|Any CPU
		{8F4177CE-1CCE-44E6-9C19-27CE92D1CCDE}.Release|Any CPU.ActiveCfg = Release|Any CPU
		{8F4177CE-1CCE-44E6-9C19-27CE92D1CCDE}.Release|Any CPU.Build.0 = Release|Any CPU
	EndGlobalSection
	GlobalSection(SolutionProperties) = preSolution
		HideSolutionNode = FALSE
	EndGlobalSection
	GlobalSection(ExtensibilityGlobals) = postSolution
		SolutionGuid = {AED8DE1F-2539-4665-BCB7-F4BAEC4E8316}
	EndGlobalSection
EndGlobal
